
Microsoft Visual Studio Solution File, Format Version 12.00
# Visual Studio 15
VisualStudioVersion = 15.0.28307.902
MinimumVisualStudioVersion = 10.0.40219.1
Project("{FAE04EC0-301F-11D3-BF4B-00C04F79EFBC}") = "RTA-Project-MVC", "RTA-Project-MVC\RTA-Project-MVC.csproj", "{51FF463C-3A8D-47BF-A1D8-13747967F9E1}"
EndProject
Project("{FAE04EC0-301F-11D3-BF4B-00C04F79EFBC}") = "RTA-Project-BL", "RTA-Project-BL\RTA-Project-BL.csproj", "{1BEE0632-FCAF-48D4-9985-11C80A7955F0}"
EndProject
Project("{FAE04EC0-301F-11D3-BF4B-00C04F79EFBC}") = "RTA-Project-DAL", "RTA-Project-DAL\RTA-Project-DAL.csproj", "{7866CE25-DE80-4A2E-85FF-0423EE37447E}"
EndProject
Global
	GlobalSection(SolutionConfigurationPlatforms) = preSolution
		Debug|Any CPU = Debug|Any CPU
		Release|Any CPU = Release|Any CPU
	EndGlobalSection
	GlobalSection(ProjectConfigurationPlatforms) = postSolution
		{51FF463C-3A8D-47BF-A1D8-13747967F9E1}.Debug|Any CPU.ActiveCfg = Debug|Any CPU
		{51FF463C-3A8D-47BF-A1D8-13747967F9E1}.Debug|Any CPU.Build.0 = Debug|Any CPU
		{51FF463C-3A8D-47BF-A1D8-13747967F9E1}.Release|Any CPU.ActiveCfg = Release|Any CPU
		{51FF463C-3A8D-47BF-A1D8-13747967F9E1}.Release|Any CPU.Build.0 = Release|Any CPU
		{1BEE0632-FCAF-48D4-9985-11C80A7955F0}.Debug|Any CPU.ActiveCfg = Debug|Any CPU
		{1BEE0632-FCAF-48D4-9985-11C80A7955F0}.Debug|Any CPU.Build.0 = Debug|Any CPU
		{1BEE0632-FCAF-48D4-9985-11C80A7955F0}.Release|Any CPU.ActiveCfg = Release|Any CPU
		{1BEE0632-FCAF-48D4-9985-11C80A7955F0}.Release|Any CPU.Build.0 = Release|Any CPU
		{7866CE25-DE80-4A2E-85FF-0423EE37447E}.Debug|Any CPU.ActiveCfg = Debug|Any CPU
		{7866CE25-DE80-4A2E-85FF-0423EE37447E}.Debug|Any CPU.Build.0 = Debug|Any CPU
		{7866CE25-DE80-4A2E-85FF-0423EE37447E}.Release|Any CPU.ActiveCfg = Release|Any CPU
		{7866CE25-DE80-4A2E-85FF-0423EE37447E}.Release|Any CPU.Build.0 = Release|Any CPU
	EndGlobalSection
	GlobalSection(SolutionProperties) = preSolution
		HideSolutionNode = FALSE
	EndGlobalSection
	GlobalSection(ExtensibilityGlobals) = postSolution
		SolutionGuid = {5CA25230-EF6E-4A45-B279-C5DA513CC53F}
	EndGlobalSection
EndGlobal
